{
  "name": "pixiv-wallpaper-feed",
  "version": "2.0.0",
  "lockfileVersion": 1,
  "requires": true,
  "dependencies": {
    "wallpaper": {
      "version": "4.4.1",
      "resolved": "https://registry.npmjs.org/wallpaper/-/wallpaper-4.4.1.tgz",
      "integrity": "sha512-eHB4VgIwGmL0NAfghxKO4UY0YZbJyvyC3HKE6LOWtjvlMiT8/ywgVOWXd2+4E7pGPWrRY92scTw+e6bgoq66zQ=="
    }
  }
}
